
Microsoft Visual Studio Solution File, Format Version 12.00
# Visual Studio 2013
VisualStudioVersion = 12.0.40629.0
MinimumVisualStudioVersion = 10.0.40219.1
Project("{FAE04EC0-301F-11D3-BF4B-00C04F79EFBC}") = "SavePDF", "SavePDF\SavePDF.csproj", "{7ACEDAA9-2DE8-4485-837A-E7D58812A6DC}"
EndProject
Project("{6141683F-8A12-4E36-9623-2EB02B2C2303}") = "SavePDFSU", "SavePDFSU\SavePDFSU.isproj", "{A7429684-EEF0-42AB-BDEF-CFCC336F25FB}"
	ProjectSection(ProjectDependencies) = postProject
		{7ACEDAA9-2DE8-4485-837A-E7D58812A6DC} = {7ACEDAA9-2DE8-4485-837A-E7D58812A6DC}
	EndProjectSection
EndProject
Global
	GlobalSection(SolutionConfigurationPlatforms) = preSolution
		CD_ROM|Any CPU = CD_ROM|Any CPU
		Debug|Any CPU = Debug|Any CPU
		DVD-5|Any CPU = DVD-5|Any CPU
		Release|Any CPU = Release|Any CPU
		SingleImage|Any CPU = SingleImage|Any CPU
	EndGlobalSection
	GlobalSection(ProjectConfigurationPlatforms) = postSolution
		{7ACEDAA9-2DE8-4485-837A-E7D58812A6DC}.CD_ROM|Any CPU.ActiveCfg = Release|Any CPU
		{7ACEDAA9-2DE8-4485-837A-E7D58812A6DC}.CD_ROM|Any CPU.Build.0 = Release|Any CPU
		{7ACEDAA9-2DE8-4485-837A-E7D58812A6DC}.Debug|Any CPU.ActiveCfg = Debug|Any CPU
		{7ACEDAA9-2DE8-4485-837A-E7D58812A6DC}.Debug|Any CPU.Build.0 = Debug|Any CPU
		{7ACEDAA9-2DE8-4485-837A-E7D58812A6DC}.DVD-5|Any CPU.ActiveCfg = Debug|Any CPU
		{7ACEDAA9-2DE8-4485-837A-E7D58812A6DC}.DVD-5|Any CPU.Build.0 = Debug|Any CPU
		{7ACEDAA9-2DE8-4485-837A-E7D58812A6DC}.Release|Any CPU.ActiveCfg = Release|Any CPU
		{7ACEDAA9-2DE8-4485-837A-E7D58812A6DC}.Release|Any CPU.Build.0 = Release|Any CPU
		{7ACEDAA9-2DE8-4485-837A-E7D58812A6DC}.SingleImage|Any CPU.ActiveCfg = Release|Any CPU
		{7ACEDAA9-2DE8-4485-837A-E7D58812A6DC}.SingleImage|Any CPU.Build.0 = Release|Any CPU
		{A7429684-EEF0-42AB-BDEF-CFCC336F25FB}.CD_ROM|Any CPU.ActiveCfg = CD_ROM
		{A7429684-EEF0-42AB-BDEF-CFCC336F25FB}.CD_ROM|Any CPU.Build.0 = CD_ROM
		{A7429684-EEF0-42AB-BDEF-CFCC336F25FB}.Debug|Any CPU.ActiveCfg = DVD-5
		{A7429684-EEF0-42AB-BDEF-CFCC336F25FB}.Debug|Any CPU.Build.0 = DVD-5
		{A7429684-EEF0-42AB-BDEF-CFCC336F25FB}.DVD-5|Any CPU.ActiveCfg = DVD-5
		{A7429684-EEF0-42AB-BDEF-CFCC336F25FB}.DVD-5|Any CPU.Build.0 = DVD-5
		{A7429684-EEF0-42AB-BDEF-CFCC336F25FB}.Release|Any CPU.ActiveCfg = SingleImage
		{A7429684-EEF0-42AB-BDEF-CFCC336F25FB}.Release|Any CPU.Build.0 = SingleImage
		{A7429684-EEF0-42AB-BDEF-CFCC336F25FB}.SingleImage|Any CPU.ActiveCfg = SingleImage
		{A7429684-EEF0-42AB-BDEF-CFCC336F25FB}.SingleImage|Any CPU.Build.0 = SingleImage
	EndGlobalSection
	GlobalSection(SolutionProperties) = preSolution
		HideSolutionNode = FALSE
	EndGlobalSection
EndGlobal
